
Microsoft Visual Studio Solution File, Format Version 12.00
# Visual Studio Version 16
VisualStudioVersion = 16.0.30309.148
MinimumVisualStudioVersion = 10.0.40219.1
Project("{FAE04EC0-301F-11D3-BF4B-00C04F79EFBC}") = "WindowsFormsAppforDelegates", "WindowsFormsAppforDelegates.csproj", "{62826065-E24D-459F-8A23-8902B51825D2}"
EndProject
Global
	GlobalSection(SolutionConfigurationPlatforms) = preSolution
		Debug|Any CPU = Debug|Any CPU
		Release|Any CPU = Release|Any CPU
	EndGlobalSection
	GlobalSection(ProjectConfigurationPlatforms) = postSolution
		{62826065-E24D-459F-8A23-8902B51825D2}.Debug|Any CPU.ActiveCfg = Debug|Any CPU
		{62826065-E24D-459F-8A23-8902B51825D2}.Debug|Any CPU.Build.0 = Debug|Any CPU
		{62826065-E24D-459F-8A23-8902B51825D2}.Release|Any CPU.ActiveCfg = Release|Any CPU
		{62826065-E24D-459F-8A23-8902B51825D2}.Release|Any CPU.Build.0 = Release|Any CPU
	EndGlobalSection
	GlobalSection(SolutionProperties) = preSolution
		HideSolutionNode = FALSE
	EndGlobalSection
	GlobalSection(ExtensibilityGlobals) = postSolution
		SolutionGuid = {99A5B5AE-B85E-4F3F-B7F3-E3F54D084858}
	EndGlobalSection
EndGlobal
